
Microsoft Visual Studio Solution File, Format Version 12.00
Project("{FAE04EC0-301F-11D3-BF4B-00C04F79EFBC}") = "EfVersusDapper", "EfVersusDapper.csproj", "{B40738A6-029A-401B-9C63-67E0F9D52FC0}"
EndProject
Project("{2150E333-8FDC-42A3-9474-1A3956D46DE8}") = "Items", "Items", "{1A5AC3A0-E601-490C-853E-0D0700885391}"
	ProjectSection(SolutionItems) = preProject
		..\docker-compose.yml = ..\docker-compose.yml
	EndProjectSection
EndProject
Project("{FAE04EC0-301F-11D3-BF4B-00C04F79EFBC}") = "Benchmarks", "..\Benchmarks\Benchmarks.csproj", "{477A0403-44A1-4E4B-A5C5-A7AD8C8BEBE4}"
EndProject
Global
	GlobalSection(SolutionConfigurationPlatforms) = preSolution
		Debug|Any CPU = Debug|Any CPU
		Release|Any CPU = Release|Any CPU
	EndGlobalSection
	GlobalSection(ProjectConfigurationPlatforms) = postSolution
		{B40738A6-029A-401B-9C63-67E0F9D52FC0}.Debug|Any CPU.ActiveCfg = Debug|Any CPU
		{B40738A6-029A-401B-9C63-67E0F9D52FC0}.Debug|Any CPU.Build.0 = Debug|Any CPU
		{B40738A6-029A-401B-9C63-67E0F9D52FC0}.Release|Any CPU.ActiveCfg = Release|Any CPU
		{B40738A6-029A-401B-9C63-67E0F9D52FC0}.Release|Any CPU.Build.0 = Release|Any CPU
		{477A0403-44A1-4E4B-A5C5-A7AD8C8BEBE4}.Debug|Any CPU.ActiveCfg = Debug|Any CPU
		{477A0403-44A1-4E4B-A5C5-A7AD8C8BEBE4}.Debug|Any CPU.Build.0 = Debug|Any CPU
		{477A0403-44A1-4E4B-A5C5-A7AD8C8BEBE4}.Release|Any CPU.ActiveCfg = Release|Any CPU
		{477A0403-44A1-4E4B-A5C5-A7AD8C8BEBE4}.Release|Any CPU.Build.0 = Release|Any CPU
	EndGlobalSection
EndGlobal
